// !$*UTF8*$!
{
	archiveVersion = 1;
	classes = {
	};
	objectVersion = 51;
	objects = {

/* Begin PBXBuildFile section */
		2DF20FEE2480FB250069B8B1 /* AppDelegate.m in Sources */ = {isa = PBXBuildFile; fileRef = 2DF20FED2480FB250069B8B1 /* AppDelegate.m */; };
		2DF20FF12480FB250069B8B1 /* SceneDelegate.m in Sources */ = {isa = PBXBuildFile; fileRef = 2DF20FF02480FB250069B8B1 /* SceneDelegate.m */; };
		2DF20FF42480FB250069B8B1 /* ViewController.m in Sources */ = {isa = PBXBuildFile; fileRef = 2DF20FF32480FB250069B8B1 /* ViewController.m */; };
		2DF20FF72480FB250069B8B1 /* Main.storyboard in Resources */ = {isa = PBXBuildFile; fileRef = 2DF20FF52480FB250069B8B1 /* Main.storyboard */; };
		2DF20FF92480FB270069B8B1 /* Assets.xcassets in Resources */ = {isa = PBXBuildFile; fileRef = 2DF20FF82480FB270069B8B1 /* Assets.xcassets */; };
		2DF20FFC2480FB270069B8B1 /* LaunchScreen.storyboard in Resources */ = {isa = PBXBuildFile; fileRef = 2DF20FFA2480FB270069B8B1 /* LaunchScreen.storyboard */; };
		2DF20FFF2480FB270069B8B1 /* main.m in Sources */ = {isa = PBXBuildFile; fileRef = 2DF20FFE2480FB270069B8B1 /* main.m */; };
		2DF210092480FB270069B8B1 /* FMDBExampleTests.m in Sources */ = {isa = PBXBuildFile; fileRef = 2DF210082480FB270069B8B1 /* FMDBExampleTests.m */; };
		2DF210142480FB270069B8B1 /* FMDBExampleUITests.m in Sources */ = {isa = PBXBuildFile; fileRef = 2DF210132480FB270069B8B1 /* FMDBExampleUITests.m */; };
		2DF21022248103390069B8B1 /* db_20200529.sqlite in Resources */ = {isa = PBXBuildFile; fileRef = 2DF21021248103390069B8B1 /* db_20200529.sqlite */; };
		2DF21024248104020069B8B1 /* db_20200529_encrypted.sqlite in Resources */ = {isa = PBXBuildFile; fileRef = 2DF21023248104020069B8B1 /* db_20200529_encrypted.sqlite */; };
		AB4FB55AD8AA09F13EB57158 /* Pods_FMDBExample.framework in Frameworks */ = {isa = PBXBuildFile; fileRef = 438CD3B030F121B6E99D0F30 /* Pods_FMDBExample.framework */; };
		B75B4A5910C3CB04DF779EBC /* Pods_FMDBExampleTests.framework in Frameworks */ = {isa = PBXBuildFile; fileRef = C8022A77EDAB956C3CB3FFA2 /* Pods_FMDBExampleTests.framework */; };
		CD19821EA8AEB8A4C95E4D98 /* Pods_FMDBExampleUITests.framework in Frameworks */ = {isa = PBXBuildFile; fileRef = 6F05DFD8869AD6A54DCBF507 /* Pods_FMDBExampleUITests.framework */; };
/* End PBXBuildFile section */

/* Begin PBXContainerItemProxy section */
		2DF210052480FB270069B8B1 /* PBXContainerItemProxy */ = {
			isa = PBXContainerItemProxy;
			containerPortal = 2DF20FE12480FB250069B8B1 /* Project object */;
			proxyType = 1;
			remoteGlobalIDString = 2DF20FE82480FB250069B8B1;
			remoteInfo = FMDBExample;
		};
		2DF210102480FB270069B8B1 /* PBXContainerItemProxy */ = {
			isa = PBXContainerItemProxy;
			containerPortal = 2DF20FE12480FB250069B8B1 /* Project object */;
			proxyType = 1;
			remoteGlobalIDString = 2DF20FE82480FB250069B8B1;
			remoteInfo = FMDBExample;
		};
/* End PBXContainerItemProxy section */

/* Begin PBXFileReference section */
		1805CEC4983E3219315CBA5D /* Pods-FMDBExampleUITests.release.xcconfig */ = {isa = PBXFileReference; includeInIndex = 1; lastKnownFileType = text.xcconfig; name = "Pods-FMDBExampleUITests.release.xcconfig"; path = "Target Support Files/Pods-FMDBExampleUITests/Pods-FMDBExampleUITests.release.xcconfig"; sourceTree = "<group>"; };
		24C33B8E439EF18BD554CC1A /* Pods-FMDBExampleTests.release.xcconfig */ = {isa = PBXFileReference; includeInIndex = 1; lastKnownFileType = text.xcconfig; name = "Pods-FMDBExampleTests.release.xcconfig"; path = "Target Support Files/Pods-FMDBExampleTests/Pods-FMDBExampleTests.release.xcconfig"; sourceTree = "<group>"; };
		2DF20FE92480FB250069B8B1 /* FMDBExample.app */ = {isa = PBXFileReference; explicitFileType = wrapper.application; includeInIndex = 0; path = FMDBExample.app; sourceTree = BUILT_PRODUCTS_DIR; };
		2DF20FEC2480FB250069B8B1 /* AppDelegate.h */ = {isa = PBXFileReference; lastKnownFileType = sourcecode.c.h; path = AppDelegate.h; sourceTree = "<group>"; };
		2DF20FED2480FB250069B8B1 /* AppDelegate.m */ = {isa = PBXFileReference; lastKnownFileType = sourcecode.c.objc; path = AppDelegate.m; sourceTree = "<group>"; };
		2DF20FEF2480FB250069B8B1 /* SceneDelegate.h */ = {isa = PBXFileReference; lastKnownFileType = sourcecode.c.h; path = SceneDelegate.h; sourceTree = "<group>"; };
		2DF20FF02480FB250069B8B1 /* SceneDelegate.m */ = {isa = PBXFileReference; lastKnownFileType = sourcecode.c.objc; path = SceneDelegate.m; sourceTree = "<group>"; };
		2DF20FF22480FB250069B8B1 /* ViewController.h */ = {isa = PBXFileReference; lastKnownFileType = sourcecode.c.h; path = ViewController.h; sourceTree = "<group>"; };
		2DF20FF32480FB250069B8B1 /* ViewController.m */ = {isa = PBXFileReference; lastKnownFileType = sourcecode.c.objc; path = ViewController.m; sourceTree = "<group>"; };
		2DF20FF62480FB250069B8B1 /* Base */ = {isa = PBXFileReference; lastKnownFileType = file.storyboard; name = Base; path = Base.lproj/Main.storyboard; sourceTree = "<group>"; };
		2DF20FF82480FB270069B8B1 /* Assets.xcassets */ = {isa = PBXFileReference; lastKnownFileType = folder.assetcatalog; path = Assets.xcassets; sourceTree = "<group>"; };
		2DF20FFB2480FB270069B8B1 /* Base */ = {isa = PBXFileReference; lastKnownFileType = file.storyboard; name = Base; path = Base.lproj/LaunchScreen.storyboard; sourceTree = "<group>"; };
		2DF20FFD2480FB270069B8B1 /* Info.plist */ = {isa = PBXFileReference; lastKnownFileType = text.plist.xml; path = Info.plist; sourceTree = "<group>"; };
		2DF20FFE2480FB270069B8B1 /* main.m */ = {isa = PBXFileReference; lastKnownFileType = sourcecode.c.objc; path = main.m; sourceTree = "<group>"; };
		2DF210042480FB270069B8B1 /* FMDBExampleTests.xctest */ = {isa = PBXFileReference; explicitFileType = wrapper.cfbundle; includeInIndex = 0; path = FMDBExampleTests.xctest; sourceTree = BUILT_PRODUCTS_DIR; };
		2DF210082480FB270069B8B1 /* FMDBExampleTests.m */ = {isa = PBXFileReference; lastKnownFileType = sourcecode.c.objc; path = FMDBExampleTests.m; sourceTree = "<group>"; };
		2DF2100A2480FB270069B8B1 /* Info.plist */ = {isa = PBXFileReference; lastKnownFileType = text.plist.xml; path = Info.plist; sourceTree = "<group>"; };
		2DF2100F2480FB270069B8B1 /* FMDBExampleUITests.xctest */ = {isa = PBXFileReference; explicitFileType = wrapper.cfbundle; includeInIndex = 0; path = FMDBExampleUITests.xctest; sourceTree = BUILT_PRODUCTS_DIR; };
		2DF210132480FB270069B8B1 /* FMDBExampleUITests.m */ = {isa = PBXFileReference; lastKnownFileType = sourcecode.c.objc; path = FMDBExampleUITests.m; sourceTree = "<group>"; };
		2DF210152480FB270069B8B1 /* Info.plist */ = {isa = PBXFileReference; lastKnownFileType = text.plist.xml; path = Info.plist; sourceTree = "<group>"; };
		2DF21021248103390069B8B1 /* db_20200529.sqlite */ = {isa = PBXFileReference; lastKnownFileType = file; path = db_20200529.sqlite; sourceTree = "<group>"; };
		2DF21023248104020069B8B1 /* db_20200529_encrypted.sqlite */ = {isa = PBXFileReference; lastKnownFileType = file; path = db_20200529_encrypted.sqlite; sourceTree = "<group>"; };
		3C72344EF32D9239990CC946 /* Pods-FMDBExampleTests.debug.xcconfig */ = {isa = PBXFileReference; includeInIndex = 1; lastKnownFileType = text.xcconfig; name = "Pods-FMDBExampleTests.debug.xcconfig"; path = "Target Support Files/Pods-FMDBExampleTests/Pods-FMDBExampleTests.debug.xcconfig"; sourceTree = "<group>"; };
		438CD3B030F121B6E99D0F30 /* Pods_FMDBExample.framework */ = {isa = PBXFileReference; explicitFileType = wrapper.framework; includeInIndex = 0; path = Pods_FMDBExample.framework; sourceTree = BUILT_PRODUCTS_DIR; };
		6E2394DCDC32ACA370D046EA /* Pods-FMDBExampleUITests.debug.xcconfig */ = {isa = PBXFileReference; includeInIndex = 1; lastKnownFileType = text.xcconfig; name = "Pods-FMDBExampleUITests.debug.xcconfig"; path = "Target Support Files/Pods-FMDBExampleUITests/Pods-FMDBExampleUITests.debug.xcconfig"; sourceTree = "<group>"; };
		6F05DFD8869AD6A54DCBF507 /* Pods_FMDBExampleUITests.framework */ = {isa = PBXFileReference; explicitFileType = wrapper.framework; includeInIndex = 0; path = Pods_FMDBExampleUITests.framework; sourceTree = BUILT_PRODUCTS_DIR; };
		C8022A77EDAB956C3CB3FFA2 /* Pods_FMDBExampleTests.framework */ = {isa = PBXFileReference; explicitFileType = wrapper.framework; includeInIndex = 0; path = Pods_FMDBExampleTests.framework; sourceTree = BUILT_PRODUCTS_DIR; };
		C8F7C8D6EE0550CEF75FBC31 /* Pods-FMDBExample.debug.xcconfig */ = {isa = PBXFileReference; includeInIndex = 1; lastKnownFileType = text.xcconfig; name = "Pods-FMDBExample.debug.xcconfig"; path = "Target Support Files/Pods-FMDBExample/Pods-FMDBExample.debug.xcconfig"; sourceTree = "<group>"; };
		E25C545D202873B6CB1DC13C /* Pods-FMDBExample.release.xcconfig */ = {isa = PBXFileReference; includeInIndex = 1; lastKnownFileType = text.xcconfig; name = "Pods-FMDBExample.release.xcconfig"; path = "Target Support Files/Pods-FMDBExample/Pods-FMDBExample.release.xcconfig"; sourceTree = "<group>"; };
/* End PBXFileReference section */

/* Begin PBXFrameworksBuildPhase section */
		2DF20FE62480FB250069B8B1 /* Frameworks */ = {
			isa = PBXFrameworksBuildPhase;
			buildActionMask = 2147483647;
			files = (
				AB4FB55AD8AA09F13EB57158 /* Pods_FMDBExample.framework in Frameworks */,
			);
			runOnlyForDeploymentPostprocessing = 0;
		};
		2DF210012480FB270069B8B1 /* Frameworks */ = {
			isa = PBXFrameworksBuildPhase;
			buildActionMask = 2147483647;
			files = (
				B75B4A5910C3CB04DF779EBC /* Pods_FMDBExampleTests.framework in Frameworks */,
			);
			runOnlyForDeploymentPostprocessing = 0;
		};
		2DF2100C2480FB270069B8B1 /* Frameworks */ = {
			isa = PBXFrameworksBuildPhase;
			buildActionMask = 2147483647;
			files = (
				CD19821EA8AEB8A4C95E4D98 /* Pods_FMDBExampleUITests.framework in Frameworks */,
			);
			runOnlyForDeploymentPostprocessing = 0;
		};
/* End PBXFrameworksBuildPhase section */

/* Begin PBXGroup section */
		2DF20FE02480FB250069B8B1 = {
			isa = PBXGroup;
			children = (
				2DF20FEB2480FB250069B8B1 /* FMDBExample */,
				2DF210072480FB270069B8B1 /* FMDBExampleTests */,
				2DF210122480FB270069B8B1 /* FMDBExampleUITests */,
				2DF20FEA2480FB250069B8B1 /* Products */,
				582DBABA4F1012CDB2764541 /* Pods */,
				639D109E9677A4981AF7BC53 /* Frameworks */,
			);
			sourceTree = "<group>";
		};
		2DF20FEA2480FB250069B8B1 /* Products */ = {
			isa = PBXGroup;
			children = (
				2DF20FE92480FB250069B8B1 /* FMDBExample.app */,
				2DF210042480FB270069B8B1 /* FMDBExampleTests.xctest */,
				2DF2100F2480FB270069B8B1 /* FMDBExampleUITests.xctest */,
			);
			name = Products;
			sourceTree = "<group>";
		};
		2DF20FEB2480FB250069B8B1 /* FMDBExample */ = {
			isa = PBXGroup;
			children = (
				2DF21023248104020069B8B1 /* db_20200529_encrypted.sqlite */,
				2DF21021248103390069B8B1 /* db_20200529.sqlite */,
				2DF20FEC2480FB250069B8B1 /* AppDelegate.h */,
				2DF20FED2480FB250069B8B1 /* AppDelegate.m */,
				2DF20FEF2480FB250069B8B1 /* SceneDelegate.h */,
				2DF20FF02480FB250069B8B1 /* SceneDelegate.m */,
				2DF20FF22480FB250069B8B1 /* ViewController.h */,
				2DF20FF32480FB250069B8B1 /* ViewController.m */,
				2DF20FF52480FB250069B8B1 /* Main.storyboard */,
				2DF20FF82480FB270069B8B1 /* Assets.xcassets */,
				2DF20FFA2480FB270069B8B1 /* LaunchScreen.storyboard */,
				2DF20FFD2480FB270069B8B1 /* Info.plist */,
				2DF20FFE2480FB270069B8B1 /* main.m */,
			);
			path = FMDBExample;
			sourceTree = "<group>";
		};
		2DF210072480FB270069B8B1 /* FMDBExampleTests */ = {
			isa = PBXGroup;
			children = (
				2DF210082480FB270069B8B1 /* FMDBExampleTests.m */,
				2DF2100A2480FB270069B8B1 /* Info.plist */,
			);
			path = FMDBExampleTests;
			sourceTree = "<group>";
		};
		2DF210122480FB270069B8B1 /* FMDBExampleUITests */ = {
			isa = PBXGroup;
			children = (
				2DF210132480FB270069B8B1 /* FMDBExampleUITests.m */,
				2DF210152480FB270069B8B1 /* Info.plist */,
			);
			path = FMDBExampleUITests;
			sourceTree = "<group>";
		};
		582DBABA4F1012CDB2764541 /* Pods */ = {
			isa = PBXGroup;
			children = (
				C8F7C8D6EE0550CEF75FBC31 /* Pods-FMDBExample.debug.xcconfig */,
				E25C545D202873B6CB1DC13C /* Pods-FMDBExample.release.xcconfig */,
				3C72344EF32D9239990CC946 /* Pods-FMDBExampleTests.debug.xcconfig */,
				24C33B8E439EF18BD554CC1A /* Pods-FMDBExampleTests.release.xcconfig */,
				6E2394DCDC32ACA370D046EA /* Pods-FMDBExampleUITests.debug.xcconfig */,
				1805CEC4983E3219315CBA5D /* Pods-FMDBExampleUITests.release.xcconfig */,
			);
			path = Pods;
			sourceTree = "<group>";
		};
		639D109E9677A4981AF7BC53 /* Frameworks */ = {
			isa = PBXGroup;
			children = (
				438CD3B030F121B6E99D0F30 /* Pods_FMDBExample.framework */,
				C8022A77EDAB956C3CB3FFA2 /* Pods_FMDBExampleTests.framework */,
				6F05DFD8869AD6A54DCBF507 /* Pods_FMDBExampleUITests.framework */,
			);
			name = Frameworks;
			sourceTree = "<group>";
		};
/* End PBXGroup section */

/* Begin PBXNativeTarget section */
		2DF20FE82480FB250069B8B1 /* FMDBExample */ = {
			isa = PBXNativeTarget;
			buildConfigurationList = 2DF210182480FB270069B8B1 /* Build configuration list for PBXNativeTarget "FMDBExample" */;
			buildPhases = (
				E086AD22B8B3E91440CA34BD /* [CP] Check Pods Manifest.lock */,
				2DF20FE52480FB250069B8B1 /* Sources */,
				2DF20FE62480FB250069B8B1 /* Frameworks */,
				2DF20FE72480FB250069B8B1 /* Resources */,
				2E2F71B87FCDFA23BC0F727B /* [CP] Embed Pods Frameworks */,
			);
			buildRules = (
			);
			dependencies = (
			);
			name = FMDBExample;
			productName = FMDBExample;
			productReference = 2DF20FE92480FB250069B8B1 /* FMDBExample.app */;
			productType = "com.apple.product-type.application";
		};
		2DF210032480FB270069B8B1 /* FMDBExampleTests */ = {
			isa = PBXNativeTarget;
			buildConfigurationList = 2DF2101B2480FB270069B8B1 /* Build configuration list for PBXNativeTarget "FMDBExampleTests" */;
			buildPhases = (
				2743DC7EC9A18674EA6B5F79 /* [CP] Check Pods Manifest.lock */,
				2DF210002480FB270069B8B1 /* Sources */,
				2DF210012480FB270069B8B1 /* Frameworks */,
				2DF210022480FB270069B8B1 /* Resources */,
			);
			buildRules = (
			);
			dependencies = (
				2DF210062480FB270069B8B1 /* PBXTargetDependency */,
			);
			name = FMDBExampleTests;
			productName = FMDBExampleTests;
			productReference = 2DF210042480FB270069B8B1 /* FMDBExampleTests.xctest */;
			productType = "com.apple.product-type.bundle.unit-test";
		};
		2DF2100E2480FB270069B8B1 /* FMDBExampleUITests */ = {
			isa = PBXNativeTarget;
			buildConfigurationList = 2DF2101E2480FB270069B8B1 /* Build configuration list for PBXNativeTarget "FMDBExampleUITests" */;
			buildPhases = (
				4113892BD7A2577FCDE61362 /* [CP] Check Pods Manifest.lock */,
				2DF2100B2480FB270069B8B1 /* Sources */,
				2DF2100C2480FB270069B8B1 /* Frameworks */,
				2DF2100D2480FB270069B8B1 /* Resources */,
			);
			buildRules = (
			);
			dependencies = (
				2DF210112480FB270069B8B1 /* PBXTargetDependency */,
			);
			name = FMDBExampleUITests;
			productName = FMDBExampleUITests;
			productReference = 2DF2100F2480FB270069B8B1 /* FMDBExampleUITests.xctest */;
			productType = "com.apple.product-type.bundle.ui-testing";
		};
/* End PBXNativeTarget section */

/* Begin PBXProject section */
		2DF20FE12480FB250069B8B1 /* Project object */ = {
			isa = PBXProject;
			attributes = {
				LastUpgradeCheck = 1130;
				ORGANIZATIONNAME = none;
				TargetAttributes = {
					2DF20FE82480FB250069B8B1 = {
						CreatedOnToolsVersion = 11.3;
					};
					2DF210032480FB270069B8B1 = {
						CreatedOnToolsVersion = 11.3;
						TestTargetID = 2DF20FE82480FB250069B8B1;
					};
					2DF2100E2480FB270069B8B1 = {
						CreatedOnToolsVersion = 11.3;
						TestTargetID = 2DF20FE82480FB250069B8B1;
					};
				};
			};
			buildConfigurationList = 2DF20FE42480FB250069B8B1 /* Build configuration list for PBXProject "FMDBExample" */;
			compatibilityVersion = "Xcode 9.3";
			developmentRegion = en;
			hasScannedForEncodings = 0;
			knownRegions = (
				en,
				Base,
			);
			mainGroup = 2DF20FE02480FB250069B8B1;
			productRefGroup = 2DF20FEA2480FB250069B8B1 /* Products */;
			projectDirPath = "";
			projectRoot = "";
			targets = (
				2DF20FE82480FB250069B8B1 /* FMDBExample */,
				2DF210032480FB270069B8B1 /* FMDBExampleTests */,
				2DF2100E2480FB270069B8B1 /* FMDBExampleUITests */,
			);
		};
/* End PBXProject section */

/* Begin PBXResourcesBuildPhase section */
		2DF20FE72480FB250069B8B1 /* Resources */ = {
			isa = PBXResourcesBuildPhase;
			buildActionMask = 2147483647;
			files = (
				2DF20FFC2480FB270069B8B1 /* LaunchScreen.storyboard in Resources */,
				2DF20FF92480FB270069B8B1 /* Assets.xcassets in Resources */,
				2DF20FF72480FB250069B8B1 /* Main.storyboard in Resources */,
				2DF21022248103390069B8B1 /* db_20200529.sqlite in Resources */,
				2DF21024248104020069B8B1 /* db_20200529_encrypted.sqlite in Resources */,
			);
			runOnlyForDeploymentPostprocessing = 0;
		};
		2DF210022480FB270069B8B1 /* Resources */ = {
			isa = PBXResourcesBuildPhase;
			buildActionMask = 2147483647;
			files = (
			);
			runOnlyForDeploymentPostprocessing = 0;
		};
		2DF2100D2480FB270069B8B1 /* Resources */ = {
			isa = PBXResourcesBuildPhase;
			buildActionMask = 2147483647;
			files = (
			);
			runOnlyForDeploymentPostprocessing = 0;
		};
/* End PBXResourcesBuildPhase section */

/* Begin PBXShellScriptBuildPhase section */
		2743DC7EC9A18674EA6B5F79 /* [CP] Check Pods Manifest.lock */ = {
			isa = PBXShellScriptBuildPhase;
			buildActionMask = 2147483647;
			files = (
			);
			inputFileListPaths = (
			);
			inputPaths = (
				"${PODS_PODFILE_DIR_PATH}/Podfile.lock",
				"${PODS_ROOT}/Manifest.lock",
			);
			name = "[CP] Check Pods Manifest.lock";
			outputFileListPaths = (
			);
			outputPaths = (
				"$(DERIVED_FILE_DIR)/Pods-FMDBExampleTests-checkManifestLockResult.txt",
			);
			runOnlyForDeploymentPostprocessing = 0;
			shellPath = /bin/sh;
			shellScript = "diff \"${PODS_PODFILE_DIR_PATH}/Podfile.lock\" \"${PODS_ROOT}/Manifest.lock\" > /dev/null\nif [ $? != 0 ] ; then\n    # print error to STDERR\n    echo \"error: The sandbox is not in sync with the Podfile.lock. Run 'pod install' or update your CocoaPods installation.\" >&2\n    exit 1\nfi\n# This output is used by Xcode 'outputs' to avoid re-running this script phase.\necho \"SUCCESS\" > \"${SCRIPT_OUTPUT_FILE_0}\"\n";
			showEnvVarsInLog = 0;
		};
		2E2F71B87FCDFA23BC0F727B /* [CP] Embed Pods Frameworks */ = {
			isa = PBXShellScriptBuildPhase;
			buildActionMask = 2147483647;
			files = (
			);
			inputFileListPaths = (
				"${PODS_ROOT}/Target Support Files/Pods-FMDBExample/Pods-FMDBExample-frameworks-${CONFIGURATION}-input-files.xcfilelist",
			);
			name = "[CP] Embed Pods Frameworks";
			outputFileListPaths = (
				"${PODS_ROOT}/Target Support Files/Pods-FMDBExample/Pods-FMDBExample-frameworks-${CONFIGURATION}-output-files.xcfilelist",
			);
			runOnlyForDeploymentPostprocessing = 0;
			shellPath = /bin/sh;
			shellScript = "\"${PODS_ROOT}/Target Support Files/Pods-FMDBExample/Pods-FMDBExample-frameworks.sh\"\n";
			showEnvVarsInLog = 0;
		};
		4113892BD7A2577FCDE61362 /* [CP] Check Pods Manifest.lock */ = {
			isa = PBXShellScriptBuildPhase;
			buildActionMask = 2147483647;
			files = (
			);
			inputFileListPaths = (
			);
			inputPaths = (
				"${PODS_PODFILE_DIR_PATH}/Podfile.lock",
				"${PODS_ROOT}/Manifest.lock",
			);
			name = "[CP] Check Pods Manifest.lock";
			outputFileListPaths = (
			);
			outputPaths = (
				"$(DERIVED_FILE_DIR)/Pods-FMDBExampleUITests-checkManifestLockResult.txt",
			);
			runOnlyForDeploymentPostprocessing = 0;
			shellPath = /bin/sh;
			shellScript = "diff \"${PODS_PODFILE_DIR_PATH}/Podfile.lock\" \"${PODS_ROOT}/Manifest.lock\" > /dev/null\nif [ $? != 0 ] ; then\n    # print error to STDERR\n    echo \"error: The sandbox is not in sync with the Podfile.lock. Run 'pod install' or update your CocoaPods installation.\" >&2\n    exit 1\nfi\n# This output is used by Xcode 'outputs' to avoid re-running this script phase.\necho \"SUCCESS\" > \"${SCRIPT_OUTPUT_FILE_0}\"\n";
			showEnvVarsInLog = 0;
		};
		E086AD22B8B3E91440CA34BD /* [CP] Check Pods Manifest.lock */ = {
			isa = PBXShellScriptBuildPhase;
			buildActionMask = 2147483647;
			files = (
			);
			inputFileListPaths = (
			);
			inputPaths = (
				"${PODS_PODFILE_DIR_PATH}/Podfile.lock",
				"${PODS_ROOT}/Manifest.lock",
			);
			name = "[CP] Check Pods Manifest.lock";
			outputFileListPaths = (
			);
			outputPaths = (
				"$(DERIVED_FILE_DIR)/Pods-FMDBExample-checkManifestLockResult.txt",
			);
			runOnlyForDeploymentPostprocessing = 0;
			shellPath = /bin/sh;
			shellScript = "diff \"${PODS_PODFILE_DIR_PATH}/Podfile.lock\" \"${PODS_ROOT}/Manifest.lock\" > /dev/null\nif [ $? != 0 ] ; then\n    # print error to STDERR\n    echo \"error: The sandbox is not in sync with the Podfile.lock. Run 'pod install' or update your CocoaPods installation.\" >&2\n    exit 1\nfi\n# This output is used by Xcode 'outputs' to avoid re-running this script phase.\necho \"SUCCESS\" > \"${SCRIPT_OUTPUT_FILE_0}\"\n";
			showEnvVarsInLog = 0;
		};
/* End PBXShellScriptBuildPhase section */

/* Begin PBXSourcesBuildPhase section */
		2DF20FE52480FB250069B8B1 /* Sources */ = {
			isa = PBXSourcesBuildPhase;
			buildActionMask = 2147483647;
			files = (
				2DF20FF42480FB250069B8B1 /* ViewController.m in Sources */,
				2DF20FEE2480FB250069B8B1 /* AppDelegate.m in Sources */,
				2DF20FFF2480FB270069B8B1 /* main.m in Sources */,
				2DF20FF12480FB250069B8B1 /* SceneDelegate.m in Sources */,
			);
			runOnlyForDeploymentPostprocessing = 0;
		};
		2DF210002480FB270069B8B1 /* Sources */ = {
			isa = PBXSourcesBuildPhase;
			buildActionMask = 2147483647;
			files = (
				2DF210092480FB270069B8B1 /* FMDBExampleTests.m in Sources */,
			);
			runOnlyForDeploymentPostprocessing = 0;
		};
		2DF2100B2480FB270069B8B1 /* Sources */ = {
			isa = PBXSourcesBuildPhase;
			buildActionMask = 2147483647;
			files = (
				2DF210142480FB270069B8B1 /* FMDBExampleUITests.m in Sources */,
			);
			runOnlyForDeploymentPostprocessing = 0;
		};
/* End PBXSourcesBuildPhase section */

/* Begin PBXTargetDependency section */
		2DF210062480FB270069B8B1 /* PBXTargetDependency */ = {
			isa = PBXTargetDependency;
			target = 2DF20FE82480FB250069B8B1 /* FMDBExample */;
			targetProxy = 2DF210052480FB270069B8B1 /* PBXContainerItemProxy */;
		};
		2DF210112480FB270069B8B1 /* PBXTargetDependency */ = {
			isa = PBXTargetDependency;
			target = 2DF20FE82480FB250069B8B1 /* FMDBExample */;
			targetProxy = 2DF210102480FB270069B8B1 /* PBXContainerItemProxy */;
		};
/* End PBXTargetDependency section */

/* Begin PBXVariantGroup section */
		2DF20FF52480FB250069B8B1 /* Main.storyboard */ = {
			isa = PBXVariantGroup;
			children = (
				2DF20FF62480FB250069B8B1 /* Base */,
			);
			name = Main.storyboard;
			sourceTree = "<group>";
		};
		2DF20FFA2480FB270069B8B1 /* LaunchScreen.storyboard */ = {
			isa = PBXVariantGroup;
			children = (
				2DF20FFB2480FB270069B8B1 /* Base */,
			);
			name = LaunchScreen.storyboard;
			sourceTree = "<group>";
		};
/* End PBXVariantGroup section */

/* Begin XCBuildConfiguration section */
		2DF210162480FB270069B8B1 /* Debug */ = {
			isa = XCBuildConfiguration;
			buildSettings = {
				ALWAYS_SEARCH_USER_PATHS = NO;
				CLANG_ANALYZER_NONNULL = YES;
				CLANG_ANALYZER_NUMBER_OBJECT_CONVERSION = YES_AGGRESSIVE;
				CLANG_CXX_LANGUAGE_STANDARD = "gnu++14";
				CLANG_CXX_LIBRARY = "libc++";
				CLANG_ENABLE_MODULES = YES;
				CLANG_ENABLE_OBJC_ARC = YES;
				CLANG_ENABLE_OBJC_WEAK = YES;
				CLANG_WARN_BLOCK_CAPTURE_AUTORELEASING = YES;
				CLANG_WARN_BOOL_CONVERSION = YES;
				CLANG_WARN_COMMA = YES;
				CLANG_WARN_CONSTANT_CONVERSION = YES;
				CLANG_WARN_DEPRECATED_OBJC_IMPLEMENTATIONS = YES;
				CLANG_WARN_DIRECT_OBJC_ISA_USAGE = YES_ERROR;
				CLANG_WARN_DOCUMENTATION_COMMENTS = YES;
				CLANG_WARN_EMPTY_BODY = YES;
				CLANG_WARN_ENUM_CONVERSION = YES;
				CLANG_WARN_INFINITE_RECURSION = YES;
				CLANG_WARN_INT_CONVERSION = YES;
				CLANG_WARN_NON_LITERAL_NULL_CONVERSION = YES;
				CLANG_WARN_OBJC_IMPLICIT_RETAIN_SELF = YES;
				CLANG_WARN_OBJC_LITERAL_CONVERSION = YES;
				CLANG_WARN_OBJC_ROOT_CLASS = YES_ERROR;
				CLANG_WARN_RANGE_LOOP_ANALYSIS = YES;
				CLANG_WARN_STRICT_PROTOTYPES = YES;
				CLANG_WARN_SUSPICIOUS_MOVE = YES;
				CLANG_WARN_UNGUARDED_AVAILABILITY = YES_AGGRESSIVE;
				CLANG_WARN_UNREACHABLE_CODE = YES;
				CLANG_WARN__DUPLICATE_METHOD_MATCH = YES;
				COPY_PHASE_STRIP = NO;
				DEBUG_INFORMATION_FORMAT = dwarf;
				ENABLE_STRICT_OBJC_MSGSEND = YES;
				ENABLE_TESTABILITY = YES;
				GCC_C_LANGUAGE_STANDARD = gnu11;
				GCC_DYNAMIC_NO_PIC = NO;
				GCC_NO_COMMON_BLOCKS = YES;
				GCC_OPTIMIZATION_LEVEL = 0;
				GCC_PREPROCESSOR_DEFINITIONS = (
					"DEBUG=1",
					"$(inherited)",
				);
				GCC_WARN_64_TO_32_BIT_CONVERSION = YES;
				GCC_WARN_ABOUT_RETURN_TYPE = YES_ERROR;
				GCC_WARN_UNDECLARED_SELECTOR = YES;
				GCC_WARN_UNINITIALIZED_AUTOS = YES_AGGRESSIVE;
				GCC_WARN_UNUSED_FUNCTION = YES;
				GCC_WARN_UNUSED_VARIABLE = YES;
				IPHONEOS_DEPLOYMENT_TARGET = 9.0;
				MTL_ENABLE_DEBUG_INFO = INCLUDE_SOURCE;
				MTL_FAST_MATH = YES;
				ONLY_ACTIVE_ARCH = YES;
				SDKROOT = iphoneos;
			};
			name = Debug;
		};
		2DF210172480FB270069B8B1 /* Release */ = {
			isa = XCBuildConfiguration;
			buildSettings = {
				ALWAYS_SEARCH_USER_PATHS = NO;
				CLANG_ANALYZER_NONNULL = YES;
				CLANG_ANALYZER_NUMBER_OBJECT_CONVERSION = YES_AGGRESSIVE;
				CLANG_CXX_LANGUAGE_STANDARD = "gnu++14";
				CLANG_CXX_LIBRARY = "libc++";
				CLANG_ENABLE_MODULES = YES;
				CLANG_ENABLE_OBJC_ARC = YES;
				CLANG_ENABLE_OBJC_WEAK = YES;
				CLANG_WARN_BLOCK_CAPTURE_AUTORELEASING = YES;
				CLANG_WARN_BOOL_CONVERSION = YES;
				CLANG_WARN_COMMA = YES;
				CLANG_WARN_CONSTANT_CONVERSION = YES;
				CLANG_WARN_DEPRECATED_OBJC_IMPLEMENTATIONS = YES;
				CLANG_WARN_DIRECT_OBJC_ISA_USAGE = YES_ERROR;
				CLANG_WARN_DOCUMENTATION_COMMENTS = YES;
				CLANG_WARN_EMPTY_BODY = YES;
				CLANG_WARN_ENUM_CONVERSION = YES;
				CLANG_WARN_INFINITE_RECURSION = YES;
				CLANG_WARN_INT_CONVERSION = YES;
				CLANG_WARN_NON_LITERAL_NULL_CONVERSION = YES;
				CLANG_WARN_OBJC_IMPLICIT_RETAIN_SELF = YES;
				CLANG_WARN_OBJC_LITERAL_CONVERSION = YES;
				CLANG_WARN_OBJC_ROOT_CLASS = YES_ERROR;
				CLANG_WARN_RANGE_LOOP_ANALYSIS = YES;
				CLANG_WARN_STRICT_PROTOTYPES = YES;
				CLANG_WARN_SUSPICIOUS_MOVE = YES;
				CLANG_WARN_UNGUARDED_AVAILABILITY = YES_AGGRESSIVE;
				CLANG_WARN_UNREACHABLE_CODE = YES;
				CLANG_WARN__DUPLICATE_METHOD_MATCH = YES;
				COPY_PHASE_STRIP = NO;
				DEBUG_INFORMATION_FORMAT = "dwarf-with-dsym";
				ENABLE_NS_ASSERTIONS = NO;
				ENABLE_STRICT_OBJC_MSGSEND = YES;
				GCC_C_LANGUAGE_STANDARD = gnu11;
				GCC_NO_COMMON_BLOCKS = YES;
				GCC_WARN_64_TO_32_BIT_CONVERSION = YES;
				GCC_WARN_ABOUT_RETURN_TYPE = YES_ERROR;
				GCC_WARN_UNDECLARED_SELECTOR = YES;
				GCC_WARN_UNINITIALIZED_AUTOS = YES_AGGRESSIVE;
				GCC_WARN_UNUSED_FUNCTION = YES;
				GCC_WARN_UNUSED_VARIABLE = YES;
				IPHONEOS_DEPLOYMENT_TARGET = 9.0;
				MTL_ENABLE_DEBUG_INFO = NO;
				MTL_FAST_MATH = YES;
				SDKROOT = iphoneos;
				VALIDATE_PRODUCT = YES;
			};
			name = Release;
		};
		2DF210192480FB270069B8B1 /* Debug */ = {
			isa = XCBuildConfiguration;
			baseConfigurationReference = C8F7C8D6EE0550CEF75FBC31 /* Pods-FMDBExample.debug.xcconfig */;
			buildSettings = {
				ASSETCATALOG_COMPILER_APPICON_NAME = AppIcon;
				CODE_SIGN_STYLE = Automatic;
				INFOPLIST_FILE = FMDBExample/Info.plist;
				IPHONEOS_DEPLOYMENT_TARGET = 9.0;
				LD_RUNPATH_SEARCH_PATHS = (
					"$(inherited)",
					"@executable_path/Frameworks",
				);
				PRODUCT_BUNDLE_IDENTIFIER = com.niuxinhuai.text.FMDBExample;
				PRODUCT_NAME = "$(TARGET_NAME)";
				TARGETED_DEVICE_FAMILY = 1;
			};
			name = Debug;
		};
		2DF2101A2480FB270069B8B1 /* Release */ = {
			isa = XCBuildConfiguration;
			baseConfigurationReference = E25C545D202873B6CB1DC13C /* Pods-FMDBExample.release.xcconfig */;
			buildSettings = {
				ASSETCATALOG_COMPILER_APPICON_NAME = AppIcon;
				CODE_SIGN_STYLE = Automatic;
				INFOPLIST_FILE = FMDBExample/Info.plist;
				IPHONEOS_DEPLOYMENT_TARGET = 9.0;
				LD_RUNPATH_SEARCH_PATHS = (
					"$(inherited)",
					"@executable_path/Frameworks",
				);
				PRODUCT_BUNDLE_IDENTIFIER = com.niuxinhuai.text.FMDBExample;
				PRODUCT_NAME = "$(TARGET_NAME)";
				TARGETED_DEVICE_FAMILY = 1;
			};
			name = Release;
		};
		2DF2101C2480FB270069B8B1 /* Debug */ = {
			isa = XCBuildConfiguration;
			baseConfigurationReference = 3C72344EF32D9239990CC946 /* Pods-FMDBExampleTests.debug.xcconfig */;
			buildSettings = {
				BUNDLE_LOADER = "$(TEST_HOST)";
				CODE_SIGN_STYLE = Automatic;
				INFOPLIST_FILE = FMDBExampleTests/Info.plist;
				IPHONEOS_DEPLOYMENT_TARGET = 13.2;
				LD_RUNPATH_SEARCH_PATHS = (
					"$(inherited)",
					"@executable_path/Frameworks",
					"@loader_path/Frameworks",
				);
				PRODUCT_BUNDLE_IDENTIFIER = com.niuxinhuai.text.FMDBExampleTests;
				PRODUCT_NAME = "$(TARGET_NAME)";
				TARGETED_DEVICE_FAMILY = "1,2";
				TEST_HOST = "$(BUILT_PRODUCTS_DIR)/FMDBExample.app/FMDBExample";
			};
			name = Debug;
		};
		2DF2101D2480FB270069B8B1 /* Release */ = {
			isa = XCBuildConfiguration;
			baseConfigurationReference = 24C33B8E439EF18BD554CC1A /* Pods-FMDBExampleTests.release.xcconfig */;
			buildSettings = {
				BUNDLE_LOADER = "$(TEST_HOST)";
				CODE_SIGN_STYLE = Automatic;
				INFOPLIST_FILE = FMDBExampleTests/Info.plist;
				IPHONEOS_DEPLOYMENT_TARGET = 13.2;
				LD_RUNPATH_SEARCH_PATHS = (
					"$(inherited)",
					"@executable_path/Frameworks",
					"@loader_path/Frameworks",
				);
				PRODUCT_BUNDLE_IDENTIFIER = com.niuxinhuai.text.FMDBExampleTests;
				PRODUCT_NAME = "$(TARGET_NAME)";
				TARGETED_DEVICE_FAMILY = "1,2";
				TEST_HOST = "$(BUILT_PRODUCTS_DIR)/FMDBExample.app/FMDBExample";
			};
			name = Release;
		};
		2DF2101F2480FB270069B8B1 /* Debug */ = {
			isa = XCBuildConfiguration;
			baseConfigurationReference = 6E2394DCDC32ACA370D046EA /* Pods-FMDBExampleUITests.debug.xcconfig */;
			buildSettings = {
				CODE_SIGN_STYLE = Automatic;
				INFOPLIST_FILE = FMDBExampleUITests/Info.plist;
				LD_RUNPATH_SEARCH_PATHS = (
					"$(inherited)",
					"@executable_path/Frameworks",
					"@loader_path/Frameworks",
				);
				PRODUCT_BUNDLE_IDENTIFIER = com.niuxinhuai.text.FMDBExampleUITests;
				PRODUCT_NAME = "$(TARGET_NAME)";
				TARGETED_DEVICE_FAMILY = "1,2";
				TEST_TARGET_NAME = FMDBExample;
			};
			name = Debug;
		};
		2DF210202480FB270069B8B1 /* Release */ = {
			isa = XCBuildConfiguration;
			baseConfigurationReference = 1805CEC4983E3219315CBA5D /* Pods-FMDBExampleUITests.release.xcconfig */;
			buildSettings = {
				CODE_SIGN_STYLE = Automatic;
				INFOPLIST_FILE = FMDBExampleUITests/Info.plist;
				LD_RUNPATH_SEARCH_PATHS = (
					"$(inherited)",
					"@executable_path/Frameworks",
					"@loader_path/Frameworks",
				);
				PRODUCT_BUNDLE_IDENTIFIER = com.niuxinhuai.text.FMDBExampleUITests;
				PRODUCT_NAME = "$(TARGET_NAME)";
				TARGETED_DEVICE_FAMILY = "1,2";
				TEST_TARGET_NAME = FMDBExample;
			};
			name = Release;
		};
/* End XCBuildConfiguration section */

/* Begin XCConfigurationList section */
		2DF20FE42480FB250069B8B1 /* Build configuration list for PBXProject "FMDBExample" */ = {
			isa = XCConfigurationList;
			buildConfigurations = (
				2DF210162480FB270069B8B1 /* Debug */,
				2DF210172480FB270069B8B1 /* Release */,
			);
			defaultConfigurationIsVisible = 0;
			defaultConfigurationName = Release;
		};
		2DF210182480FB270069B8B1 /* Build configuration list for PBXNativeTarget "FMDBExample" */ = {
			isa = XCConfigurationList;
			buildConfigurations = (
				2DF210192480FB270069B8B1 /* Debug */,
				2DF2101A2480FB270069B8B1 /* Release */,
			);
			defaultConfigurationIsVisible = 0;
			defaultConfigurationName = Release;
		};
		2DF2101B2480FB270069B8B1 /* Build configuration list for PBXNativeTarget "FMDBExampleTests" */ = {
			isa = XCConfigurationList;
			buildConfigurations = (
				2DF2101C2480FB270069B8B1 /* Debug */,
				2DF2101D2480FB270069B8B1 /* Release */,
			);
			defaultConfigurationIsVisible = 0;
			defaultConfigurationName = Release;
		};
		2DF2101E2480FB270069B8B1 /* Build configuration list for PBXNativeTarget "FMDBExampleUITests" */ = {
			isa = XCConfigurationList;
			buildConfigurations = (
				2DF2101F2480FB270069B8B1 /* Debug */,
				2DF210202480FB270069B8B1 /* Release */,
			);
			defaultConfigurationIsVisible = 0;
			defaultConfigurationName = Release;
		};
/* End XCConfigurationList section */
	};
	rootObject = 2DF20FE12480FB250069B8B1 /* Project object */;
}
